# This is a Gradle generated file for dependency locking.
# Manual edits can break the build and are not advised.
# This file is expected to be part of source control.
biz.aQute.bnd:biz.aQute.bnd.annotation:7.1.0=compileClasspath,testCompileClasspath
ch.qos.logback:logback-classic:1.5.25=compileClasspath,compileProtoPath,productionRuntimeClasspath,runtimeClasspath,testCompileClasspath,testCompileProtoPath,testRuntimeClasspath
ch.qos.logback:logback-core:1.5.25=compileClasspath,compileProtoPath,productionRuntimeClasspath,runtimeClasspath,testCompileClasspath,testCompileProtoPath,testRuntimeClasspath
com.fasterxml.jackson.core:jackson-annotations:2.20=compileClasspath,compileProtoPath,productionRuntimeClasspath,runtimeClasspath,testCompileClasspath,testCompileProtoPath,testRuntimeClasspath
com.fasterxml.jackson.core:jackson-core:2.20.2=productionRuntimeClasspath,runtimeClasspath,testCompileClasspath,testCompileProtoPath,testRuntimeClasspath
com.fasterxml.jackson.core:jackson-databind:2.20.2=productionRuntimeClasspath,runtimeClasspath,testCompileClasspath,testCompileProtoPath,testRuntimeClasspath
com.fasterxml.jackson:jackson-bom:2.20.2=productionRuntimeClasspath,runtimeClasspath,testCompileClasspath,testCompileProtoPath,testRuntimeClasspath
com.fasterxml:classmate:1.7.3=compileClasspath,compileProtoPath,productionRuntimeClasspath,runtimeClasspath,testCompileClasspath,testCompileProtoPath,testRuntimeClasspath
com.github.ben-manes.caffeine:caffeine:3.2.3=testCompileClasspath,testCompileProtoPath,testRuntimeClasspath
com.google.android:annotations:4.1.1.4=compileProtoPath,productionRuntimeClasspath,runtimeClasspath,testCompileProtoPath,testRuntimeClasspath
com.google.api-client:google-api-client:2.4.1=compileClasspath,compileProtoPath,productionRuntimeClasspath,runtimeClasspath,testCompileClasspath,testCompileProtoPath,testRuntimeClasspath
com.google.api.grpc:proto-google-common-protos:2.51.0=compileClasspath,compileProtoPath,productionRuntimeClasspath,runtimeClasspath,testCompileClasspath,testCompileProtoPath,testRuntimeClasspath
com.google.auth:google-auth-library-credentials:1.23.0=compileClasspath,compileProtoPath,productionRuntimeClasspath,runtimeClasspath,testCompileClasspath,testCompileProtoPath,testRuntimeClasspath
com.google.auth:google-auth-library-oauth2-http:1.23.0=compileClasspath,compileProtoPath,productionRuntimeClasspath,runtimeClasspath,testCompileClasspath,testCompileProtoPath,testRuntimeClasspath
com.google.auto.service:auto-service-annotations:1.1.1=testCompileClasspath,testCompileProtoPath,testRuntimeClasspath
com.google.auto.value:auto-value-annotations:1.10.4=compileClasspath,compileProtoPath,productionRuntimeClasspath,runtimeClasspath,testCompileClasspath,testCompileProtoPath,testRuntimeClasspath
com.google.code.findbugs:jsr305:3.0.2=compileClasspath,compileProtoPath,productionRuntimeClasspath,runtimeClasspath,testCompileClasspath,testCompileProtoPath,testRuntimeClasspath
com.google.code.gson:gson:2.13.2=compileClasspath,compileProtoPath,productionRuntimeClasspath,runtimeClasspath,testCompileClasspath,testCompileProtoPath,testRuntimeClasspath
com.google.errorprone:error_prone_annotations:2.41.0=compileClasspath,compileProtoPath,productionRuntimeClasspath,runtimeClasspath
com.google.errorprone:error_prone_annotations:2.43.0=testCompileClasspath,testCompileProtoPath,testRuntimeClasspath
com.google.guava:failureaccess:1.0.2=compileClasspath,compileProtoPath,productionRuntimeClasspath,runtimeClasspath
com.google.guava:failureaccess:1.0.3=testCompileClasspath,testCompileProtoPath,testRuntimeClasspath
com.google.guava:guava:33.3.1-android=compileClasspath,compileProtoPath,productionRuntimeClasspath,runtimeClasspath
com.google.guava:guava:33.5.0-jre=testCompileClasspath,testCompileProtoPath,testRuntimeClasspath
com.google.guava:listenablefuture:9999.0-empty-to-avoid-conflict-with-guava=compileClasspath,compileProtoPath,productionRuntimeClasspath,runtimeClasspath,testCompileClasspath,testCompileProtoPath,testRuntimeClasspath
com.google.http-client:google-http-client-apache-v2:1.44.1=compileClasspath,compileProtoPath,productionRuntimeClasspath,runtimeClasspath,testCompileClasspath,testCompileProtoPath,testRuntimeClasspath
com.google.http-client:google-http-client-gson:1.44.1=compileClasspath,compileProtoPath,productionRuntimeClasspath,runtimeClasspath,testCompileClasspath,testCompileProtoPath,testRuntimeClasspath
com.google.http-client:google-http-client:1.44.1=compileClasspath,compileProtoPath,productionRuntimeClasspath,runtimeClasspath,testCompileClasspath,testCompileProtoPath,testRuntimeClasspath
com.google.j2objc:j2objc-annotations:3.0.0=compileClasspath,compileProtoPath,productionRuntimeClasspath,runtimeClasspath
com.google.j2objc:j2objc-annotations:3.1=testCompileClasspath,testCompileProtoPath,testRuntimeClasspath
com.google.jimfs:jimfs:1.3.0=testCompileClasspath,testCompileProtoPath,testRuntimeClasspath
com.google.oauth-client:google-oauth-client:1.35.0=compileClasspath,compileProtoPath,productionRuntimeClasspath,runtimeClasspath,testCompileClasspath,testCompileProtoPath,testRuntimeClasspath
com.google.protobuf:protobuf-java:4.31.1=compileClasspath,compileProtoPath,productionRuntimeClasspath,runtimeClasspath,testCompileClasspath,testCompileProtoPath,testRuntimeClasspath
com.google.protobuf:protoc:4.31.1=protobufToolsLocator_protoc
com.h2database:h2:2.4.240=testRuntimeClasspath
com.ibm.icu:icu4j:72.1=testCompileClasspath,testCompileProtoPath,testRuntimeClasspath
com.jayway.jsonpath:json-path:2.10.0=testCompileClasspath,testCompileProtoPath,testRuntimeClasspath
com.jhlabs:filters:2.0.235=testCompileClasspath,testCompileProtoPath,testRuntimeClasspath
com.opencsv:opencsv:5.11.1=testCompileClasspath,testCompileProtoPath,testRuntimeClasspath
com.openhtmltopdf:openhtmltopdf-core:1.0.10=testCompileClasspath,testCompileProtoPath,testRuntimeClasspath
com.openhtmltopdf:openhtmltopdf-pdfbox:1.0.10=testCompileClasspath,testCompileProtoPath,testRuntimeClasspath
com.openhtmltopdf:openhtmltopdf-rtl-support:1.0.10=testCompileClasspath,testCompileProtoPath,testRuntimeClasspath
com.paulhammant:ngwebdriver:1.2=testCompileClasspath,testCompileProtoPath,testRuntimeClasspath
com.sun.istack:istack-commons-runtime:4.1.2=compileProtoPath,productionRuntimeClasspath,runtimeClasspath,testCompileProtoPath,testRuntimeClasspath
com.sun.xml.bind:jaxb-core:4.0.6=testCompileClasspath,testCompileProtoPath,testRuntimeClasspath
com.sun.xml.bind:jaxb-impl:4.0.6=testCompileClasspath,testCompileProtoPath,testRuntimeClasspath
com.thoughtworks.xstream:xstream:1.4.21=testCompileClasspath,testCompileProtoPath,testRuntimeClasspath
com.typesafe:config:1.4.3=testCompileClasspath,testCompileProtoPath,testRuntimeClasspath
com.vaadin.external.google:android-json:0.0.20131108.vaadin1=testCompileClasspath,testCompileProtoPath,testRuntimeClasspath
com.vladsch.flexmark:flexmark-all:0.64.8=testCompileClasspath,testCompileProtoPath,testRuntimeClasspath
com.vladsch.flexmark:flexmark-ext-abbreviation:0.64.8=testCompileClasspath,testCompileProtoPath,testRuntimeClasspath
com.vladsch.flexmark:flexmark-ext-admonition:0.64.8=testCompileClasspath,testCompileProtoPath,testRuntimeClasspath
com.vladsch.flexmark:flexmark-ext-anchorlink:0.64.8=testCompileClasspath,testCompileProtoPath,testRuntimeClasspath
com.vladsch.flexmark:flexmark-ext-aside:0.64.8=testCompileClasspath,testCompileProtoPath,testRuntimeClasspath
com.vladsch.flexmark:flexmark-ext-attributes:0.64.8=testCompileClasspath,testCompileProtoPath,testRuntimeClasspath
com.vladsch.flexmark:flexmark-ext-autolink:0.64.8=testCompileClasspath,testCompileProtoPath,testRuntimeClasspath
com.vladsch.flexmark:flexmark-ext-definition:0.64.8=testCompileClasspath,testCompileProtoPath,testRuntimeClasspath
com.vladsch.flexmark:flexmark-ext-emoji:0.64.8=testCompileClasspath,testCompileProtoPath,testRuntimeClasspath
com.vladsch.flexmark:flexmark-ext-enumerated-reference:0.64.8=testCompileClasspath,testCompileProtoPath,testRuntimeClasspath
com.vladsch.flexmark:flexmark-ext-escaped-character:0.64.8=testCompileClasspath,testCompileProtoPath,testRuntimeClasspath
com.vladsch.flexmark:flexmark-ext-footnotes:0.64.8=testCompileClasspath,testCompileProtoPath,testRuntimeClasspath
com.vladsch.flexmark:flexmark-ext-gfm-issues:0.64.8=testCompileClasspath,testCompileProtoPath,testRuntimeClasspath
com.vladsch.flexmark:flexmark-ext-gfm-strikethrough:0.64.8=testCompileClasspath,testCompileProtoPath,testRuntimeClasspath
com.vladsch.flexmark:flexmark-ext-gfm-tasklist:0.64.8=testCompileClasspath,testCompileProtoPath,testRuntimeClasspath
com.vladsch.flexmark:flexmark-ext-gfm-users:0.64.8=testCompileClasspath,testCompileProtoPath,testRuntimeClasspath
com.vladsch.flexmark:flexmark-ext-gitlab:0.64.8=testCompileClasspath,testCompileProtoPath,testRuntimeClasspath
com.vladsch.flexmark:flexmark-ext-ins:0.64.8=testCompileClasspath,testCompileProtoPath,testRuntimeClasspath
com.vladsch.flexmark:flexmark-ext-jekyll-front-matter:0.64.8=testCompileClasspath,testCompileProtoPath,testRuntimeClasspath
com.vladsch.flexmark:flexmark-ext-jekyll-tag:0.64.8=testCompileClasspath,testCompileProtoPath,testRuntimeClasspath
com.vladsch.flexmark:flexmark-ext-macros:0.64.8=testCompileClasspath,testCompileProtoPath,testRuntimeClasspath
com.vladsch.flexmark:flexmark-ext-media-tags:0.64.8=testCompileClasspath,testCompileProtoPath,testRuntimeClasspath
com.vladsch.flexmark:flexmark-ext-resizable-image:0.64.8=testCompileClasspath,testCompileProtoPath,testRuntimeClasspath
com.vladsch.flexmark:flexmark-ext-superscript:0.64.8=testCompileClasspath,testCompileProtoPath,testRuntimeClasspath
com.vladsch.flexmark:flexmark-ext-tables:0.64.8=testCompileClasspath,testCompileProtoPath,testRuntimeClasspath
com.vladsch.flexmark:flexmark-ext-toc:0.64.8=testCompileClasspath,testCompileProtoPath,testRuntimeClasspath
com.vladsch.flexmark:flexmark-ext-typographic:0.64.8=testCompileClasspath,testCompileProtoPath,testRuntimeClasspath
com.vladsch.flexmark:flexmark-ext-wikilink:0.64.8=testCompileClasspath,testCompileProtoPath,testRuntimeClasspath
com.vladsch.flexmark:flexmark-ext-xwiki-macros:0.64.8=testCompileClasspath,testCompileProtoPath,testRuntimeClasspath
com.vladsch.flexmark:flexmark-ext-yaml-front-matter:0.64.8=testCompileClasspath,testCompileProtoPath,testRuntimeClasspath
com.vladsch.flexmark:flexmark-ext-youtube-embedded:0.64.8=testCompileClasspath,testCompileProtoPath,testRuntimeClasspath
com.vladsch.flexmark:flexmark-html2md-converter:0.64.8=testCompileClasspath,testCompileProtoPath,testRuntimeClasspath
com.vladsch.flexmark:flexmark-jira-converter:0.64.8=testCompileClasspath,testCompileProtoPath,testRuntimeClasspath
com.vladsch.flexmark:flexmark-pdf-converter:0.64.8=testCompileClasspath,testCompileProtoPath,testRuntimeClasspath
com.vladsch.flexmark:flexmark-profile-pegdown:0.64.8=testCompileClasspath,testCompileProtoPath,testRuntimeClasspath
com.vladsch.flexmark:flexmark-util-ast:0.64.8=testCompileClasspath,testCompileProtoPath,testRuntimeClasspath
com.vladsch.flexmark:flexmark-util-builder:0.64.8=testCompileClasspath,testCompileProtoPath,testRuntimeClasspath
com.vladsch.flexmark:flexmark-util-collection:0.64.8=testCompileClasspath,testCompileProtoPath,testRuntimeClasspath
com.vladsch.flexmark:flexmark-util-data:0.64.8=testCompileClasspath,testCompileProtoPath,testRuntimeClasspath
com.vladsch.flexmark:flexmark-util-dependency:0.64.8=testCompileClasspath,testCompileProtoPath,testRuntimeClasspath
com.vladsch.flexmark:flexmark-util-format:0.64.8=testCompileClasspath,testCompileProtoPath,testRuntimeClasspath
com.vladsch.flexmark:flexmark-util-html:0.64.8=testCompileClasspath,testCompileProtoPath,testRuntimeClasspath
com.vladsch.flexmark:flexmark-util-misc:0.64.8=testCompileClasspath,testCompileProtoPath,testRuntimeClasspath
com.vladsch.flexmark:flexmark-util-options:0.64.8=testCompileClasspath,testCompileProtoPath,testRuntimeClasspath
com.vladsch.flexmark:flexmark-util-sequence:0.64.8=testCompileClasspath,testCompileProtoPath,testRuntimeClasspath
com.vladsch.flexmark:flexmark-util-visitor:0.64.8=testCompileClasspath,testCompileProtoPath,testRuntimeClasspath
com.vladsch.flexmark:flexmark-util:0.64.8=testCompileClasspath,testCompileProtoPath,testRuntimeClasspath
com.vladsch.flexmark:flexmark-youtrack-converter:0.64.8=testCompileClasspath,testCompileProtoPath,testRuntimeClasspath
com.vladsch.flexmark:flexmark:0.64.8=testCompileClasspath,testCompileProtoPath,testRuntimeClasspath
com.zaxxer:HikariCP:7.0.2=compileClasspath,compileProtoPath,productionRuntimeClasspath,runtimeClasspath,testCompileClasspath,testCompileProtoPath,testRuntimeClasspath
commons-beanutils:commons-beanutils:1.11.0=testCompileClasspath,testCompileProtoPath,testRuntimeClasspath
commons-codec:commons-codec:1.19.0=compileClasspath,compileProtoPath,productionRuntimeClasspath,runtimeClasspath,testCompileClasspath,testCompileProtoPath,testRuntimeClasspath
commons-collections:commons-collections:3.2.2=testCompileClasspath,testCompileProtoPath,testRuntimeClasspath
commons-io:commons-io:2.20.0=testCompileClasspath,testCompileProtoPath,testRuntimeClasspath
commons-logging:commons-logging:1.3.5=compileClasspath,compileProtoPath,developmentOnly,productionRuntimeClasspath,runtimeClasspath,testCompileClasspath,testCompileProtoPath,testRuntimeClasspath
commons-net:commons-net:3.11.1=testCompileClasspath,testCompileProtoPath,testRuntimeClasspath
de.rototor.pdfbox:graphics2d:0.32=testCompileClasspath,testCompileProtoPath,testRuntimeClasspath
es.nitaur.markdown:txtmark:0.16=testCompileClasspath,testCompileProtoPath,testRuntimeClasspath
io.appium:java-client:9.4.0=testCompileClasspath,testCompileProtoPath,testRuntimeClasspath
io.cucumber:ci-environment:10.0.1=testCompileClasspath,testCompileProtoPath,testRuntimeClasspath
io.cucumber:cucumber-core:7.22.2=testCompileClasspath,testCompileProtoPath,testRuntimeClasspath
io.cucumber:cucumber-expressions:18.0.1=testCompileClasspath,testCompileProtoPath,testRuntimeClasspath
io.cucumber:cucumber-gherkin-messages:7.22.2=testCompileClasspath,testCompileProtoPath,testRuntimeClasspath
io.cucumber:cucumber-gherkin:7.22.2=testCompileClasspath,testCompileProtoPath,testRuntimeClasspath
io.cucumber:cucumber-java:7.22.2=testCompileClasspath,testCompileProtoPath,testRuntimeClasspath
io.cucumber:cucumber-plugin:7.22.2=testCompileClasspath,testCompileProtoPath,testRuntimeClasspath
io.cucumber:datatable:7.22.2=testCompileClasspath,testCompileProtoPath,testRuntimeClasspath
io.cucumber:docstring:7.22.2=testCompileClasspath,testCompileProtoPath,testRuntimeClasspath
io.cucumber:gherkin:32.1.1=testCompileClasspath,testCompileProtoPath,testRuntimeClasspath
io.cucumber:html-formatter:21.10.1=testCompileClasspath,testCompileProtoPath,testRuntimeClasspath
io.cucumber:junit-xml-formatter:0.7.1=testCompileClasspath,testCompileProtoPath,testRuntimeClasspath
io.cucumber:messages:27.2.0=testCompileClasspath,testCompileProtoPath,testRuntimeClasspath
io.cucumber:query:13.6.0=testCompileClasspath,testCompileProtoPath,testRuntimeClasspath
io.cucumber:tag-expressions:6.1.2=testCompileClasspath,testCompileProtoPath,testRuntimeClasspath
io.cucumber:testng-xml-formatter:0.3.1=testCompileClasspath,testCompileProtoPath,testRuntimeClasspath
io.github.cdimascio:dotenv-java:3.0.0=compileProtoPath,productionRuntimeClasspath,runtimeClasspath,testCompileProtoPath,testRuntimeClasspath
io.github.classgraph:classgraph:4.8.157=testCompileClasspath,testCompileProtoPath,testRuntimeClasspath
io.github.x-stream:mxparser:1.2.2=testCompileClasspath,testCompileProtoPath,testRuntimeClasspath
io.grpc:grpc-api:1.73.0=compileClasspath,compileProtoPath,productionRuntimeClasspath,runtimeClasspath,testCompileClasspath,testCompileProtoPath,testRuntimeClasspath
io.grpc:grpc-context:1.60.1=compileClasspath,testCompileClasspath
io.grpc:grpc-context:1.73.0=compileProtoPath,productionRuntimeClasspath,runtimeClasspath,testCompileProtoPath,testRuntimeClasspath
io.grpc:grpc-core:1.73.0=compileClasspath,compileProtoPath,productionRuntimeClasspath,runtimeClasspath,testCompileClasspath,testCompileProtoPath,testRuntimeClasspath
io.grpc:grpc-netty-shaded:1.73.0=compileClasspath,compileProtoPath,productionRuntimeClasspath,runtimeClasspath,testCompileClasspath,testCompileProtoPath,testRuntimeClasspath
io.grpc:grpc-protobuf-lite:1.73.0=compileProtoPath,productionRuntimeClasspath,runtimeClasspath,testCompileProtoPath,testRuntimeClasspath
io.grpc:grpc-protobuf:1.73.0=compileClasspath,compileProtoPath,productionRuntimeClasspath,runtimeClasspath,testCompileClasspath,testCompileProtoPath,testRuntimeClasspath
io.grpc:grpc-stub:1.73.0=compileClasspath,compileProtoPath,productionRuntimeClasspath,runtimeClasspath,testCompileClasspath,testCompileProtoPath,testRuntimeClasspath
io.grpc:grpc-util:1.73.0=compileProtoPath,productionRuntimeClasspath,runtimeClasspath,testCompileProtoPath,testRuntimeClasspath
io.grpc:protoc-gen-grpc-java:1.73.0=protobufToolsLocator_grpc
io.jsonwebtoken:jjwt-api:0.12.6=compileClasspath,compileProtoPath,productionRuntimeClasspath,runtimeClasspath,testCompileClasspath,testCompileProtoPath,testRuntimeClasspath
io.jsonwebtoken:jjwt-impl:0.12.6=productionRuntimeClasspath,runtimeClasspath,testRuntimeClasspath
io.jsonwebtoken:jjwt-jackson:0.12.6=productionRuntimeClasspath,runtimeClasspath,testRuntimeClasspath
io.micrometer:micrometer-commons:1.16.2=compileClasspath,compileProtoPath,developmentOnly,productionRuntimeClasspath,runtimeClasspath,testCompileClasspath,testCompileProtoPath,testRuntimeClasspath
io.micrometer:micrometer-core:1.16.2=compileClasspath,compileProtoPath,productionRuntimeClasspath,runtimeClasspath,testCompileClasspath,testCompileProtoPath,testRuntimeClasspath
io.micrometer:micrometer-jakarta9:1.16.2=compileClasspath,compileProtoPath,productionRuntimeClasspath,runtimeClasspath,testCompileClasspath,testCompileProtoPath,testRuntimeClasspath
io.micrometer:micrometer-observation:1.16.2=compileClasspath,compileProtoPath,developmentOnly,productionRuntimeClasspath,runtimeClasspath,testCompileClasspath,testCompileProtoPath,testRuntimeClasspath
io.micrometer:micrometer-registry-prometheus:1.16.2=productionRuntimeClasspath,runtimeClasspath,testRuntimeClasspath
io.opencensus:opencensus-api:0.31.1=compileClasspath,compileProtoPath,productionRuntimeClasspath,runtimeClasspath,testCompileClasspath,testCompileProtoPath,testRuntimeClasspath
io.opencensus:opencensus-contrib-http-util:0.31.1=compileClasspath,compileProtoPath,productionRuntimeClasspath,runtimeClasspath,testCompileClasspath,testCompileProtoPath,testRuntimeClasspath
io.opentelemetry:opentelemetry-api:1.55.0=testCompileClasspath,testCompileProtoPath,testRuntimeClasspath
io.opentelemetry:opentelemetry-common:1.55.0=testCompileClasspath,testCompileProtoPath,testRuntimeClasspath
io.opentelemetry:opentelemetry-context:1.55.0=testCompileClasspath,testCompileProtoPath,testRuntimeClasspath
io.opentelemetry:opentelemetry-exporter-logging:1.55.0=testCompileClasspath,testCompileProtoPath,testRuntimeClasspath
io.opentelemetry:opentelemetry-sdk-common:1.55.0=testCompileClasspath,testCompileProtoPath,testRuntimeClasspath
io.opentelemetry:opentelemetry-sdk-extension-autoconfigure-spi:1.55.0=testCompileClasspath,testCompileProtoPath,testRuntimeClasspath
io.opentelemetry:opentelemetry-sdk-extension-autoconfigure:1.55.0=testCompileClasspath,testCompileProtoPath,testRuntimeClasspath
io.opentelemetry:opentelemetry-sdk-logs:1.55.0=testCompileClasspath,testCompileProtoPath,testRuntimeClasspath
io.opentelemetry:opentelemetry-sdk-metrics:1.55.0=testCompileClasspath,testCompileProtoPath,testRuntimeClasspath
io.opentelemetry:opentelemetry-sdk-trace:1.55.0=testCompileClasspath,testCompileProtoPath,testRuntimeClasspath
io.opentelemetry:opentelemetry-sdk:1.55.0=testCompileClasspath,testCompileProtoPath,testRuntimeClasspath
io.perfmark:perfmark-api:0.27.0=compileProtoPath,productionRuntimeClasspath,runtimeClasspath,testCompileProtoPath,testRuntimeClasspath
io.prometheus:prometheus-metrics-config:1.4.3=productionRuntimeClasspath,runtimeClasspath,testRuntimeClasspath
io.prometheus:prometheus-metrics-core:1.4.3=productionRuntimeClasspath,runtimeClasspath,testRuntimeClasspath
io.prometheus:prometheus-metrics-exposition-formats:1.4.3=productionRuntimeClasspath,runtimeClasspath,testRuntimeClasspath
io.prometheus:prometheus-metrics-exposition-textformats:1.4.3=productionRuntimeClasspath,runtimeClasspath,testRuntimeClasspath
io.prometheus:prometheus-metrics-model:1.4.3=productionRuntimeClasspath,runtimeClasspath,testRuntimeClasspath
io.prometheus:prometheus-metrics-tracer-common:1.4.3=productionRuntimeClasspath,runtimeClasspath,testRuntimeClasspath
io.rest-assured:json-path:5.5.5=testCompileClasspath,testCompileProtoPath,testRuntimeClasspath
io.rest-assured:rest-assured-common:5.5.5=testCompileClasspath,testCompileProtoPath,testRuntimeClasspath
io.rest-assured:rest-assured:5.5.5=testCompileClasspath,testCompileProtoPath,testRuntimeClasspath
io.rest-assured:xml-path:5.5.5=testCompileClasspath,testCompileProtoPath,testRuntimeClasspath
jakarta.activation:jakarta.activation-api:2.1.4=compileProtoPath,productionRuntimeClasspath,runtimeClasspath,testCompileClasspath,testCompileProtoPath,testRuntimeClasspath
jakarta.annotation:jakarta.annotation-api:3.0.0=compileClasspath,compileProtoPath,productionRuntimeClasspath,runtimeClasspath,testCompileClasspath,testCompileProtoPath,testRuntimeClasspath
jakarta.inject:jakarta.inject-api:2.0.1=compileProtoPath,productionRuntimeClasspath,runtimeClasspath,testCompileProtoPath,testRuntimeClasspath
jakarta.persistence:jakarta.persistence-api:3.2.0=compileClasspath,compileProtoPath,productionRuntimeClasspath,runtimeClasspath,testCompileClasspath,testCompileProtoPath,testRuntimeClasspath
jakarta.transaction:jakarta.transaction-api:2.0.1=compileClasspath,compileProtoPath,productionRuntimeClasspath,runtimeClasspath,testCompileClasspath,testCompileProtoPath,testRuntimeClasspath
jakarta.validation:jakarta.validation-api:3.1.1=compileClasspath,compileProtoPath,productionRuntimeClasspath,runtimeClasspath,testCompileClasspath,testCompileProtoPath,testRuntimeClasspath
jakarta.xml.bind:jakarta.xml.bind-api:4.0.4=compileProtoPath,productionRuntimeClasspath,runtimeClasspath,testCompileClasspath,testCompileProtoPath,testRuntimeClasspath
javax.activation:activation:1.1.1=testCompileClasspath,testCompileProtoPath,testRuntimeClasspath
javax.activation:javax.activation-api:1.2.0=testCompileClasspath,testCompileProtoPath,testRuntimeClasspath
javax.cache:cache-api:1.1.1=testCompileClasspath,testCompileProtoPath,testRuntimeClasspath
javax.xml.bind:jaxb-api:2.3.1=testCompileClasspath,testCompileProtoPath,testRuntimeClasspath
joda-time:joda-time:2.13.0=testCompileClasspath,testCompileProtoPath,testRuntimeClasspath
junit:junit:4.13.2=testCompileClasspath,testCompileProtoPath,testRuntimeClasspath
me.paulschwarz:spring-dotenv:4.0.0=compileClasspath,compileProtoPath,productionRuntimeClasspath,runtimeClasspath,testCompileClasspath,testCompileProtoPath,testRuntimeClasspath
net.bytebuddy:byte-buddy-agent:1.17.8=testCompileClasspath,testCompileProtoPath,testRuntimeClasspath
net.bytebuddy:byte-buddy:1.17.8=compileProtoPath,productionRuntimeClasspath,runtimeClasspath,testCompileClasspath,testCompileProtoPath,testRuntimeClasspath
net.java.dev.jna:jna:5.17.0=testCompileClasspath,testCompileProtoPath,testRuntimeClasspath
net.minidev:accessors-smart:2.6.0=testCompileClasspath,testCompileProtoPath,testRuntimeClasspath
net.minidev:json-smart:2.6.0=testCompileClasspath,testCompileProtoPath,testRuntimeClasspath
net.serenity-bdd:serenity-core:4.2.34=testCompileClasspath,testCompileProtoPath,testRuntimeClasspath
net.serenity-bdd:serenity-junit5:4.2.34=testCompileClasspath,testCompileProtoPath,testRuntimeClasspath
net.serenity-bdd:serenity-model:4.2.34=testCompileClasspath,testCompileProtoPath,testRuntimeClasspath
net.serenity-bdd:serenity-report-resources:4.2.34=testCompileClasspath,testCompileProtoPath,testRuntimeClasspath
net.serenity-bdd:serenity-reports-configuration:4.2.34=testCompileClasspath,testCompileProtoPath,testRuntimeClasspath
net.serenity-bdd:serenity-reports:4.2.34=testCompileClasspath,testCompileProtoPath,testRuntimeClasspath
net.serenity-bdd:serenity-rest-assured:4.2.34=testCompileClasspath,testCompileProtoPath,testRuntimeClasspath
net.serenity-bdd:serenity-stats:4.2.34=testCompileClasspath,testCompileProtoPath,testRuntimeClasspath
net.sf.opencsv:opencsv:2.3=testCompileClasspath,testCompileProtoPath,testRuntimeClasspath
net.sourceforge.jexcelapi:jxl:2.6.12=testCompileClasspath,testCompileProtoPath,testRuntimeClasspath
org.antlr:antlr4-runtime:4.13.2=compileClasspath,compileProtoPath,productionRuntimeClasspath,runtimeClasspath,testCompileClasspath,testCompileProtoPath,testRuntimeClasspath
org.apache.commons:commons-collections4:4.5.0=testCompileClasspath,testCompileProtoPath,testRuntimeClasspath
org.apache.commons:commons-compress:1.27.1=testCompileClasspath,testCompileProtoPath,testRuntimeClasspath
org.apache.commons:commons-exec:1.5.0=testCompileProtoPath,testRuntimeClasspath
org.apache.commons:commons-lang3:3.19.0=testCompileClasspath,testCompileProtoPath,testRuntimeClasspath
org.apache.commons:commons-text:1.13.1=testCompileClasspath,testCompileProtoPath,testRuntimeClasspath
org.apache.groovy:groovy-bom:5.0.3=testCompileClasspath,testCompileProtoPath,testRuntimeClasspath
org.apache.groovy:groovy-json:5.0.3=testCompileClasspath,testCompileProtoPath,testRuntimeClasspath
org.apache.groovy:groovy-xml:5.0.3=testCompileClasspath,testCompileProtoPath,testRuntimeClasspath
org.apache.groovy:groovy:5.0.3=testCompileClasspath,testCompileProtoPath,testRuntimeClasspath
org.apache.httpcomponents:httpclient:4.5.14=compileClasspath,compileProtoPath,productionRuntimeClasspath,runtimeClasspath,testCompileClasspath,testCompileProtoPath,testRuntimeClasspath
org.apache.httpcomponents:httpcore:4.4.16=compileClasspath,compileProtoPath,productionRuntimeClasspath,runtimeClasspath,testCompileClasspath,testCompileProtoPath,testRuntimeClasspath
org.apache.httpcomponents:httpmime:4.5.14=testCompileClasspath,testCompileProtoPath,testRuntimeClasspath
org.apache.logging.log4j:log4j-api:2.25.3=compileClasspath,compileProtoPath,productionRuntimeClasspath,runtimeClasspath,testCompileClasspath,testCompileProtoPath,testRuntimeClasspath
org.apache.logging.log4j:log4j-to-slf4j:2.25.3=compileClasspath,compileProtoPath,productionRuntimeClasspath,runtimeClasspath,testCompileClasspath,testCompileProtoPath,testRuntimeClasspath
org.apache.pdfbox:xmpbox:2.0.24=testCompileClasspath,testCompileProtoPath,testRuntimeClasspath
org.apache.tomcat.embed:tomcat-embed-core:11.0.15=compileClasspath,compileProtoPath,productionRuntimeClasspath,runtimeClasspath,testCompileClasspath,testCompileProtoPath,testRuntimeClasspath
org.apache.tomcat.embed:tomcat-embed-el:11.0.15=compileClasspath,compileProtoPath,productionRuntimeClasspath,runtimeClasspath,testCompileClasspath,testCompileProtoPath,testRuntimeClasspath
org.apache.tomcat.embed:tomcat-embed-websocket:11.0.15=compileClasspath,compileProtoPath,productionRuntimeClasspath,runtimeClasspath,testCompileClasspath,testCompileProtoPath,testRuntimeClasspath
org.apache.tomcat:annotations-api:6.0.53=compileClasspath,compileProtoPath
org.apiguardian:apiguardian-api:1.1.2=testCompileClasspath,testCompileProtoPath,testRuntimeClasspath
org.aspectj:aspectjweaver:1.9.25.1=compileClasspath,compileProtoPath,productionRuntimeClasspath,runtimeClasspath,testCompileClasspath,testCompileProtoPath,testRuntimeClasspath
org.assertj:assertj-core:3.27.6=testCompileClasspath,testCompileProtoPath,testRuntimeClasspath
org.awaitility:awaitility:4.3.0=testCompileClasspath,testCompileProtoPath,testRuntimeClasspath
org.ccil.cowan.tagsoup:tagsoup:1.2.1=testCompileClasspath,testCompileProtoPath,testRuntimeClasspath
org.checkerframework:checker-qual:3.43.0=compileClasspath,compileProtoPath
org.checkerframework:checker-qual:3.52.0=productionRuntimeClasspath,runtimeClasspath,testRuntimeClasspath
org.codehaus.mojo:animal-sniffer-annotations:1.24=compileClasspath,compileProtoPath,productionRuntimeClasspath,runtimeClasspath,testCompileClasspath,testCompileProtoPath,testRuntimeClasspath
org.eclipse.angus:angus-activation:2.0.3=compileProtoPath,productionRuntimeClasspath,runtimeClasspath,testCompileProtoPath,testRuntimeClasspath
org.ehcache:ehcache:3.11.1=testCompileClasspath,testCompileProtoPath,testRuntimeClasspath
org.fluentlenium:fluentlenium-core:0.10.2=testCompileClasspath,testCompileProtoPath,testRuntimeClasspath
org.freemarker:freemarker:2.3.34=testCompileClasspath,testCompileProtoPath,testRuntimeClasspath
org.glassfish.jaxb:jaxb-core:4.0.6=compileProtoPath,productionRuntimeClasspath,runtimeClasspath,testCompileProtoPath,testRuntimeClasspath
org.glassfish.jaxb:jaxb-runtime:4.0.6=compileProtoPath,productionRuntimeClasspath,runtimeClasspath,testCompileProtoPath,testRuntimeClasspath
org.glassfish.jaxb:txw2:4.0.6=compileProtoPath,productionRuntimeClasspath,runtimeClasspath,testCompileProtoPath,testRuntimeClasspath
org.hamcrest:hamcrest-core:3.0=testCompileClasspath,testCompileProtoPath,testRuntimeClasspath
org.hamcrest:hamcrest:3.0=testCompileClasspath,testCompileProtoPath,testRuntimeClasspath
org.hdrhistogram:HdrHistogram:2.2.2=compileProtoPath,productionRuntimeClasspath,runtimeClasspath,testCompileProtoPath,testRuntimeClasspath
org.hibernate.models:hibernate-models:1.0.1=compileProtoPath,productionRuntimeClasspath,runtimeClasspath,testCompileProtoPath,testRuntimeClasspath
org.hibernate.orm:hibernate-core:7.2.1.Final=compileClasspath,compileProtoPath,productionRuntimeClasspath,runtimeClasspath,testCompileClasspath,testCompileProtoPath,testRuntimeClasspath
org.hibernate.validator:hibernate-validator:9.0.1.Final=compileClasspath,compileProtoPath,productionRuntimeClasspath,runtimeClasspath,testCompileClasspath,testCompileProtoPath,testRuntimeClasspath
org.htmlunit:htmlunit-core-js:4.17.0=testCompileClasspath,testCompileProtoPath,testRuntimeClasspath
org.htmlunit:htmlunit-csp:4.17.0=testCompileClasspath,testCompileProtoPath,testRuntimeClasspath
org.htmlunit:htmlunit-cssparser:4.17.0=testCompileClasspath,testCompileProtoPath,testRuntimeClasspath
org.htmlunit:htmlunit-websocket-client:4.17.0=testCompileClasspath,testCompileProtoPath,testRuntimeClasspath
org.htmlunit:htmlunit-xpath:4.17.0=testCompileClasspath,testCompileProtoPath,testRuntimeClasspath
org.htmlunit:htmlunit:4.17.0=testCompileClasspath,testCompileProtoPath,testRuntimeClasspath
org.htmlunit:neko-htmlunit:4.17.0=testCompileClasspath,testCompileProtoPath,testRuntimeClasspath
org.imgscalr:imgscalr-lib:4.2=testCompileClasspath,testCompileProtoPath,testRuntimeClasspath
org.jacoco:org.jacoco.agent:0.8.14=jacocoAgent,jacocoAnt
org.jacoco:org.jacoco.ant:0.8.14=jacocoAnt
org.jacoco:org.jacoco.core:0.8.14=jacocoAnt
org.jacoco:org.jacoco.report:0.8.14=jacocoAnt
org.jboss.logging:jboss-logging:3.6.1.Final=compileClasspath,compileProtoPath,productionRuntimeClasspath,runtimeClasspath,testCompileClasspath,testCompileProtoPath,testRuntimeClasspath
org.jetbrains.kotlin:kotlin-stdlib:2.2.21=testCompileClasspath,testCompileProtoPath,testRuntimeClasspath
org.jetbrains:annotations:24.0.1=testCompileClasspath,testCompileProtoPath,testRuntimeClasspath
org.jsoup:jsoup:1.15.4=testCompileClasspath,testCompileProtoPath,testRuntimeClasspath
org.jspecify:jspecify:1.0.0=compileClasspath,compileProtoPath,developmentOnly,productionRuntimeClasspath,runtimeClasspath,testCompileClasspath,testCompileProtoPath,testRuntimeClasspath
org.junit.jupiter:junit-jupiter-api:6.0.2=testCompileClasspath,testCompileProtoPath,testRuntimeClasspath
org.junit.jupiter:junit-jupiter-engine:6.0.2=testCompileClasspath,testCompileProtoPath,testRuntimeClasspath
org.junit.jupiter:junit-jupiter-params:6.0.2=testCompileClasspath,testCompileProtoPath,testRuntimeClasspath
org.junit.jupiter:junit-jupiter:6.0.2=testCompileClasspath,testCompileProtoPath,testRuntimeClasspath
org.junit.platform:junit-platform-commons:6.0.2=testCompileClasspath,testCompileProtoPath,testRuntimeClasspath
org.junit.platform:junit-platform-engine:6.0.2=testCompileClasspath,testCompileProtoPath,testRuntimeClasspath
org.junit.platform:junit-platform-launcher:6.0.2=testCompileClasspath,testCompileProtoPath,testRuntimeClasspath
org.junit.vintage:junit-vintage-engine:6.0.2=testCompileClasspath,testCompileProtoPath,testRuntimeClasspath
org.junit:junit-bom:6.0.2=testCompileClasspath,testCompileProtoPath,testRuntimeClasspath
org.latencyutils:LatencyUtils:2.0.3=compileProtoPath,productionRuntimeClasspath,runtimeClasspath,testCompileProtoPath,testRuntimeClasspath
org.mockito:mockito-core:5.20.0=testCompileClasspath,testCompileProtoPath,testRuntimeClasspath
org.mockito:mockito-junit-jupiter:5.20.0=testCompileClasspath,testCompileProtoPath,testRuntimeClasspath
org.nibor.autolink:autolink:0.6.0=testCompileClasspath,testCompileProtoPath,testRuntimeClasspath
org.objenesis:objenesis:3.4=testCompileClasspath,testCompileProtoPath,testRuntimeClasspath
org.opentest4j:opentest4j:1.3.0=testCompileClasspath,testCompileProtoPath,testRuntimeClasspath
org.osgi:org.osgi.annotation.bundle:2.0.0=compileClasspath,testCompileClasspath
org.osgi:org.osgi.annotation.versioning:1.1.2=compileClasspath,testCompileClasspath
org.osgi:org.osgi.resource:1.0.0=compileClasspath,testCompileClasspath
org.osgi:org.osgi.service.serviceloader:1.0.0=compileClasspath,testCompileClasspath
org.ow2.asm:asm-commons:9.9=jacocoAnt
org.ow2.asm:asm-tree:9.9=jacocoAnt
org.ow2.asm:asm:9.7.1=testCompileClasspath,testCompileProtoPath,testRuntimeClasspath
org.ow2.asm:asm:9.9=jacocoAnt
org.postgresql:postgresql:42.7.9=productionRuntimeClasspath,runtimeClasspath,testRuntimeClasspath
org.projectlombok:lombok:1.18.42=annotationProcessor,compileClasspath,compileProtoPath
org.seleniumhq.selenium:htmlunit3-driver:4.36.1=testCompileClasspath,testCompileProtoPath,testRuntimeClasspath
org.seleniumhq.selenium:selenium-api:4.37.0=testCompileClasspath,testCompileProtoPath,testRuntimeClasspath
org.seleniumhq.selenium:selenium-chrome-driver:4.37.0=testCompileClasspath,testCompileProtoPath,testRuntimeClasspath
org.seleniumhq.selenium:selenium-chromium-driver:4.37.0=testCompileClasspath,testCompileProtoPath,testRuntimeClasspath
org.seleniumhq.selenium:selenium-devtools-v139:4.37.0=testCompileClasspath,testCompileProtoPath,testRuntimeClasspath
org.seleniumhq.selenium:selenium-devtools-v140:4.37.0=testCompileClasspath,testCompileProtoPath,testRuntimeClasspath
org.seleniumhq.selenium:selenium-devtools-v141:4.37.0=testCompileClasspath,testCompileProtoPath,testRuntimeClasspath
org.seleniumhq.selenium:selenium-edge-driver:4.37.0=testCompileClasspath,testCompileProtoPath,testRuntimeClasspath
org.seleniumhq.selenium:selenium-firefox-driver:4.37.0=testCompileClasspath,testCompileProtoPath,testRuntimeClasspath
org.seleniumhq.selenium:selenium-http:4.37.0=testCompileClasspath,testCompileProtoPath,testRuntimeClasspath
org.seleniumhq.selenium:selenium-ie-driver:4.37.0=testCompileClasspath,testCompileProtoPath,testRuntimeClasspath
org.seleniumhq.selenium:selenium-java:4.37.0=testCompileClasspath,testCompileProtoPath,testRuntimeClasspath
org.seleniumhq.selenium:selenium-json:4.37.0=testCompileClasspath,testCompileProtoPath,testRuntimeClasspath
org.seleniumhq.selenium:selenium-manager:4.37.0=testCompileClasspath,testCompileProtoPath,testRuntimeClasspath
org.seleniumhq.selenium:selenium-os:4.37.0=testCompileClasspath,testCompileProtoPath,testRuntimeClasspath
org.seleniumhq.selenium:selenium-remote-driver:4.37.0=testCompileClasspath,testCompileProtoPath,testRuntimeClasspath
org.seleniumhq.selenium:selenium-safari-driver:4.37.0=testCompileClasspath,testCompileProtoPath,testRuntimeClasspath
org.seleniumhq.selenium:selenium-support:4.37.0=testCompileClasspath,testCompileProtoPath,testRuntimeClasspath
org.skyscreamer:jsonassert:1.5.3=testCompileClasspath,testCompileProtoPath,testRuntimeClasspath
org.slf4j:jul-to-slf4j:2.0.17=compileClasspath,compileProtoPath,productionRuntimeClasspath,runtimeClasspath,testCompileClasspath,testCompileProtoPath,testRuntimeClasspath
org.slf4j:slf4j-api:2.0.17=compileClasspath,compileProtoPath,productionRuntimeClasspath,runtimeClasspath,testCompileClasspath,testCompileProtoPath,testRuntimeClasspath
org.springframework.boot:spring-boot-actuator-autoconfigure:4.0.2=compileClasspath,compileProtoPath,productionRuntimeClasspath,runtimeClasspath,testCompileClasspath,testCompileProtoPath,testRuntimeClasspath
org.springframework.boot:spring-boot-actuator:4.0.2=compileClasspath,compileProtoPath,productionRuntimeClasspath,runtimeClasspath,testCompileClasspath,testCompileProtoPath,testRuntimeClasspath
org.springframework.boot:spring-boot-autoconfigure:4.0.2=compileClasspath,compileProtoPath,developmentOnly,productionRuntimeClasspath,runtimeClasspath,testCompileClasspath,testCompileProtoPath,testRuntimeClasspath
org.springframework.boot:spring-boot-data-commons:4.0.2=compileClasspath,compileProtoPath,productionRuntimeClasspath,runtimeClasspath,testCompileClasspath,testCompileProtoPath,testRuntimeClasspath
org.springframework.boot:spring-boot-data-jpa-test:4.0.2=testCompileClasspath,testCompileProtoPath,testRuntimeClasspath
org.springframework.boot:spring-boot-data-jpa:4.0.2=compileClasspath,compileProtoPath,productionRuntimeClasspath,runtimeClasspath,testCompileClasspath,testCompileProtoPath,testRuntimeClasspath
org.springframework.boot:spring-boot-devtools:4.0.2=developmentOnly,runtimeClasspath
org.springframework.boot:spring-boot-health:4.0.2=compileClasspath,compileProtoPath,productionRuntimeClasspath,runtimeClasspath,testCompileClasspath,testCompileProtoPath,testRuntimeClasspath
org.springframework.boot:spring-boot-hibernate:4.0.2=compileClasspath,compileProtoPath,productionRuntimeClasspath,runtimeClasspath,testCompileClasspath,testCompileProtoPath,testRuntimeClasspath
org.springframework.boot:spring-boot-http-converter:4.0.2=compileClasspath,compileProtoPath,productionRuntimeClasspath,runtimeClasspath,testCompileClasspath,testCompileProtoPath,testRuntimeClasspath
org.springframework.boot:spring-boot-jackson:4.0.2=compileClasspath,compileProtoPath,productionRuntimeClasspath,runtimeClasspath,testCompileClasspath,testCompileProtoPath,testRuntimeClasspath
org.springframework.boot:spring-boot-jdbc-test:4.0.2=testCompileClasspath,testCompileProtoPath,testRuntimeClasspath
org.springframework.boot:spring-boot-jdbc:4.0.2=compileClasspath,compileProtoPath,productionRuntimeClasspath,runtimeClasspath,testCompileClasspath,testCompileProtoPath,testRuntimeClasspath
org.springframework.boot:spring-boot-jpa-test:4.0.2=testCompileClasspath,testCompileProtoPath,testRuntimeClasspath
org.springframework.boot:spring-boot-jpa:4.0.2=compileClasspath,compileProtoPath,productionRuntimeClasspath,runtimeClasspath,testCompileClasspath,testCompileProtoPath,testRuntimeClasspath
org.springframework.boot:spring-boot-micrometer-metrics:4.0.2=compileClasspath,compileProtoPath,productionRuntimeClasspath,runtimeClasspath,testCompileClasspath,testCompileProtoPath,testRuntimeClasspath
org.springframework.boot:spring-boot-micrometer-observation:4.0.2=compileClasspath,compileProtoPath,productionRuntimeClasspath,runtimeClasspath,testCompileClasspath,testCompileProtoPath,testRuntimeClasspath
org.springframework.boot:spring-boot-persistence:4.0.2=compileClasspath,compileProtoPath,productionRuntimeClasspath,runtimeClasspath,testCompileClasspath,testCompileProtoPath,testRuntimeClasspath
org.springframework.boot:spring-boot-resttestclient:4.0.2=testCompileClasspath,testCompileProtoPath,testRuntimeClasspath
org.springframework.boot:spring-boot-security:4.0.2=compileClasspath,compileProtoPath,productionRuntimeClasspath,runtimeClasspath,testCompileClasspath,testCompileProtoPath,testRuntimeClasspath
org.springframework.boot:spring-boot-servlet:4.0.2=compileClasspath,compileProtoPath,productionRuntimeClasspath,runtimeClasspath,testCompileClasspath,testCompileProtoPath,testRuntimeClasspath
org.springframework.boot:spring-boot-sql:4.0.2=compileClasspath,compileProtoPath,productionRuntimeClasspath,runtimeClasspath,testCompileClasspath,testCompileProtoPath,testRuntimeClasspath
org.springframework.boot:spring-boot-starter-actuator:4.0.2=compileClasspath,compileProtoPath,productionRuntimeClasspath,runtimeClasspath,testCompileClasspath,testCompileProtoPath,testRuntimeClasspath
org.springframework.boot:spring-boot-starter-data-jpa-test:4.0.2=testCompileClasspath,testCompileProtoPath,testRuntimeClasspath
org.springframework.boot:spring-boot-starter-data-jpa:4.0.2=compileClasspath,compileProtoPath,productionRuntimeClasspath,runtimeClasspath,testCompileClasspath,testCompileProtoPath,testRuntimeClasspath
org.springframework.boot:spring-boot-starter-jackson-test:4.0.2=testCompileClasspath,testCompileProtoPath,testRuntimeClasspath
org.springframework.boot:spring-boot-starter-jackson:4.0.2=compileClasspath,compileProtoPath,productionRuntimeClasspath,runtimeClasspath,testCompileClasspath,testCompileProtoPath,testRuntimeClasspath
org.springframework.boot:spring-boot-starter-jdbc-test:4.0.2=testCompileClasspath,testCompileProtoPath,testRuntimeClasspath
org.springframework.boot:spring-boot-starter-jdbc:4.0.2=compileClasspath,compileProtoPath,productionRuntimeClasspath,runtimeClasspath,testCompileClasspath,testCompileProtoPath,testRuntimeClasspath
org.springframework.boot:spring-boot-starter-logging:4.0.2=compileClasspath,compileProtoPath,productionRuntimeClasspath,runtimeClasspath,testCompileClasspath,testCompileProtoPath,testRuntimeClasspath
org.springframework.boot:spring-boot-starter-micrometer-metrics:4.0.2=compileClasspath,compileProtoPath,productionRuntimeClasspath,runtimeClasspath,testCompileClasspath,testCompileProtoPath,testRuntimeClasspath
org.springframework.boot:spring-boot-starter-security:4.0.2=compileClasspath,compileProtoPath,productionRuntimeClasspath,runtimeClasspath,testCompileClasspath,testCompileProtoPath,testRuntimeClasspath
org.springframework.boot:spring-boot-starter-test:4.0.2=testCompileClasspath,testCompileProtoPath,testRuntimeClasspath
org.springframework.boot:spring-boot-starter-tomcat-runtime:4.0.2=compileClasspath,compileProtoPath,productionRuntimeClasspath,runtimeClasspath,testCompileClasspath,testCompileProtoPath,testRuntimeClasspath
org.springframework.boot:spring-boot-starter-tomcat:4.0.2=compileClasspath,compileProtoPath,productionRuntimeClasspath,runtimeClasspath,testCompileClasspath,testCompileProtoPath,testRuntimeClasspath
org.springframework.boot:spring-boot-starter-validation-test:4.0.2=testCompileClasspath,testCompileProtoPath,testRuntimeClasspath
org.springframework.boot:spring-boot-starter-validation:4.0.2=compileClasspath,compileProtoPath,productionRuntimeClasspath,runtimeClasspath,testCompileClasspath,testCompileProtoPath,testRuntimeClasspath
org.springframework.boot:spring-boot-starter-webmvc-test:4.0.2=testCompileClasspath,testCompileProtoPath,testRuntimeClasspath
org.springframework.boot:spring-boot-starter-webmvc:4.0.2=compileClasspath,compileProtoPath,productionRuntimeClasspath,runtimeClasspath,testCompileClasspath,testCompileProtoPath,testRuntimeClasspath
org.springframework.boot:spring-boot-starter:4.0.2=compileClasspath,compileProtoPath,productionRuntimeClasspath,runtimeClasspath,testCompileClasspath,testCompileProtoPath,testRuntimeClasspath
org.springframework.boot:spring-boot-test-autoconfigure:4.0.2=testCompileClasspath,testCompileProtoPath,testRuntimeClasspath
org.springframework.boot:spring-boot-test:4.0.2=testCompileClasspath,testCompileProtoPath,testRuntimeClasspath
org.springframework.boot:spring-boot-tomcat:4.0.2=compileClasspath,compileProtoPath,productionRuntimeClasspath,runtimeClasspath,testCompileClasspath,testCompileProtoPath,testRuntimeClasspath
org.springframework.boot:spring-boot-transaction:4.0.2=compileClasspath,compileProtoPath,productionRuntimeClasspath,runtimeClasspath,testCompileClasspath,testCompileProtoPath,testRuntimeClasspath
org.springframework.boot:spring-boot-validation:4.0.2=compileClasspath,compileProtoPath,productionRuntimeClasspath,runtimeClasspath,testCompileClasspath,testCompileProtoPath,testRuntimeClasspath
org.springframework.boot:spring-boot-web-server:4.0.2=compileClasspath,compileProtoPath,productionRuntimeClasspath,runtimeClasspath,testCompileClasspath,testCompileProtoPath,testRuntimeClasspath
org.springframework.boot:spring-boot-webmvc-test:4.0.2=testCompileClasspath,testCompileProtoPath,testRuntimeClasspath
org.springframework.boot:spring-boot-webmvc:4.0.2=compileClasspath,compileProtoPath,productionRuntimeClasspath,runtimeClasspath,testCompileClasspath,testCompileProtoPath,testRuntimeClasspath
org.springframework.boot:spring-boot:4.0.2=compileClasspath,compileProtoPath,developmentOnly,productionRuntimeClasspath,runtimeClasspath,testCompileClasspath,testCompileProtoPath,testRuntimeClasspath
org.springframework.data:spring-data-commons:4.0.2=compileClasspath,compileProtoPath,productionRuntimeClasspath,runtimeClasspath,testCompileClasspath,testCompileProtoPath,testRuntimeClasspath
org.springframework.data:spring-data-jpa:4.0.2=compileClasspath,compileProtoPath,productionRuntimeClasspath,runtimeClasspath,testCompileClasspath,testCompileProtoPath,testRuntimeClasspath
org.springframework.security:spring-security-config:7.0.2=compileClasspath,compileProtoPath,productionRuntimeClasspath,runtimeClasspath,testCompileClasspath,testCompileProtoPath,testRuntimeClasspath
org.springframework.security:spring-security-core:7.0.2=compileClasspath,compileProtoPath,productionRuntimeClasspath,runtimeClasspath,testCompileClasspath,testCompileProtoPath,testRuntimeClasspath
org.springframework.security:spring-security-crypto:7.0.2=compileClasspath,compileProtoPath,productionRuntimeClasspath,runtimeClasspath,testCompileClasspath,testCompileProtoPath,testRuntimeClasspath
org.springframework.security:spring-security-web:7.0.2=compileClasspath,compileProtoPath,productionRuntimeClasspath,runtimeClasspath,testCompileClasspath,testCompileProtoPath,testRuntimeClasspath
org.springframework:spring-aop:7.0.3=compileClasspath,compileProtoPath,developmentOnly,productionRuntimeClasspath,runtimeClasspath,testCompileClasspath,testCompileProtoPath,testRuntimeClasspath
org.springframework:spring-aspects:7.0.3=compileClasspath,compileProtoPath,productionRuntimeClasspath,runtimeClasspath,testCompileClasspath,testCompileProtoPath,testRuntimeClasspath
org.springframework:spring-beans:7.0.3=compileClasspath,compileProtoPath,developmentOnly,productionRuntimeClasspath,runtimeClasspath,testCompileClasspath,testCompileProtoPath,testRuntimeClasspath
org.springframework:spring-context:7.0.3=compileClasspath,compileProtoPath,developmentOnly,productionRuntimeClasspath,runtimeClasspath,testCompileClasspath,testCompileProtoPath,testRuntimeClasspath
org.springframework:spring-core:7.0.3=compileClasspath,compileProtoPath,developmentOnly,productionRuntimeClasspath,runtimeClasspath,testCompileClasspath,testCompileProtoPath,testRuntimeClasspath
org.springframework:spring-expression:7.0.3=compileClasspath,compileProtoPath,developmentOnly,productionRuntimeClasspath,runtimeClasspath,testCompileClasspath,testCompileProtoPath,testRuntimeClasspath
org.springframework:spring-jdbc:7.0.3=compileClasspath,compileProtoPath,productionRuntimeClasspath,runtimeClasspath,testCompileClasspath,testCompileProtoPath,testRuntimeClasspath
org.springframework:spring-orm:7.0.3=compileClasspath,compileProtoPath,productionRuntimeClasspath,runtimeClasspath,testCompileClasspath,testCompileProtoPath,testRuntimeClasspath
org.springframework:spring-test:7.0.3=testCompileClasspath,testCompileProtoPath,testRuntimeClasspath
org.springframework:spring-tx:7.0.3=compileClasspath,compileProtoPath,productionRuntimeClasspath,runtimeClasspath,testCompileClasspath,testCompileProtoPath,testRuntimeClasspath
org.springframework:spring-web:7.0.3=compileClasspath,compileProtoPath,productionRuntimeClasspath,runtimeClasspath,testCompileClasspath,testCompileProtoPath,testRuntimeClasspath
org.springframework:spring-webmvc:7.0.3=compileClasspath,compileProtoPath,productionRuntimeClasspath,runtimeClasspath,testCompileClasspath,testCompileProtoPath,testRuntimeClasspath
org.xmlunit:xmlunit-core:2.10.4=testCompileClasspath,testCompileProtoPath,testRuntimeClasspath
org.yaml:snakeyaml:2.5=compileClasspath,compileProtoPath,productionRuntimeClasspath,runtimeClasspath,testCompileClasspath,testCompileProtoPath,testRuntimeClasspath
tools.jackson.core:jackson-core:3.0.4=compileClasspath,compileProtoPath,productionRuntimeClasspath,runtimeClasspath,testCompileClasspath,testCompileProtoPath,testRuntimeClasspath
tools.jackson.core:jackson-databind:3.0.4=compileClasspath,compileProtoPath,productionRuntimeClasspath,runtimeClasspath,testCompileClasspath,testCompileProtoPath,testRuntimeClasspath
tools.jackson:jackson-bom:3.0.4=compileClasspath,compileProtoPath,productionRuntimeClasspath,runtimeClasspath,testCompileClasspath,testCompileProtoPath,testRuntimeClasspath
xmlpull:xmlpull:1.1.3.1=testCompileClasspath,testCompileProtoPath,testRuntimeClasspath
empty=protobuf,testAndDevelopmentOnly,testAnnotationProcessor,testProtobuf
